// !$*UTF8*$!
{
	archiveVersion = 1;
	classes = {
	};
	objectVersion = 50;
	objects = {

/* Begin PBXBuildFile section */
		C35B1EBA246A4A66001183C0 /* DiscoverViewController.swift in Sources */ = {isa = PBXBuildFile; fileRef = C35B1EB9246A4A66001183C0 /* DiscoverViewController.swift */; };
		C37E309B246CD44400D3EF1F /* HomeViewController.swift in Sources */ = {isa = PBXBuildFile; fileRef = C37E309A246CD44400D3EF1F /* HomeViewController.swift */; };
		C39811E2244E371B00F2C137 /* AppDelegate.swift in Sources */ = {isa = PBXBuildFile; fileRef = C39811E1244E371B00F2C137 /* AppDelegate.swift */; };
		C39811E4244E371B00F2C137 /* SceneDelegate.swift in Sources */ = {isa = PBXBuildFile; fileRef = C39811E3244E371B00F2C137 /* SceneDelegate.swift */; };
		C39811E6244E371C00F2C137 /* ViewController.swift in Sources */ = {isa = PBXBuildFile; fileRef = C39811E5244E371C00F2C137 /* ViewController.swift */; };
		C39811E9244E371C00F2C137 /* Main.storyboard in Resources */ = {isa = PBXBuildFile; fileRef = C39811E7244E371C00F2C137 /* Main.storyboard */; };
		C39811EC244E371C00F2C137 /* trainverse.xcdatamodeld in Sources */ = {isa = PBXBuildFile; fileRef = C39811EA244E371C00F2C137 /* trainverse.xcdatamodeld */; };
		C39811EE244E372000F2C137 /* Assets.xcassets in Resources */ = {isa = PBXBuildFile; fileRef = C39811ED244E372000F2C137 /* Assets.xcassets */; };
		C39811F1244E372000F2C137 /* LaunchScreen.storyboard in Resources */ = {isa = PBXBuildFile; fileRef = C39811EF244E372000F2C137 /* LaunchScreen.storyboard */; };
		C39811FC244E372100F2C137 /* trainverseTests.swift in Sources */ = {isa = PBXBuildFile; fileRef = C39811FB244E372100F2C137 /* trainverseTests.swift */; };
		C3981207244E372200F2C137 /* trainverseUITests.swift in Sources */ = {isa = PBXBuildFile; fileRef = C3981206244E372200F2C137 /* trainverseUITests.swift */; };
		C3CA9363246CE98A00EC03F0 /* FeaturedTableViewController.swift in Sources */ = {isa = PBXBuildFile; fileRef = C3CA9362246CE98A00EC03F0 /* FeaturedTableViewController.swift */; };
		C3CA9365246CECC800EC03F0 /* RoutineTableViewController.swift in Sources */ = {isa = PBXBuildFile; fileRef = C3CA9364246CECC800EC03F0 /* RoutineTableViewController.swift */; };
		C3CA9367246CF81400EC03F0 /* ProfileViewController.swift in Sources */ = {isa = PBXBuildFile; fileRef = C3CA9366246CF81400EC03F0 /* ProfileViewController.swift */; };
		C3CA9369246D052000EC03F0 /* MapViewController.swift in Sources */ = {isa = PBXBuildFile; fileRef = C3CA9368246D052000EC03F0 /* MapViewController.swift */; };
		C3D715AC246B876C00DC58E7 /* DiscoverTableViewController.swift in Sources */ = {isa = PBXBuildFile; fileRef = C3D715AB246B876C00DC58E7 /* DiscoverTableViewController.swift */; };
/* End PBXBuildFile section */

/* Begin PBXContainerItemProxy section */
		C39811F8244E372100F2C137 /* PBXContainerItemProxy */ = {
			isa = PBXContainerItemProxy;
			containerPortal = C39811D6244E371B00F2C137 /* Project object */;
			proxyType = 1;
			remoteGlobalIDString = C39811DD244E371B00F2C137;
			remoteInfo = trainverse;
		};
		C3981203244E372100F2C137 /* PBXContainerItemProxy */ = {
			isa = PBXContainerItemProxy;
			containerPortal = C39811D6244E371B00F2C137 /* Project object */;
			proxyType = 1;
			remoteGlobalIDString = C39811DD244E371B00F2C137;
			remoteInfo = trainverse;
		};
/* End PBXContainerItemProxy section */

/* Begin PBXFileReference section */
		C35B1EB9246A4A66001183C0 /* DiscoverViewController.swift */ = {isa = PBXFileReference; lastKnownFileType = sourcecode.swift; path = DiscoverViewController.swift; sourceTree = "<group>"; };
		C37E309A246CD44400D3EF1F /* HomeViewController.swift */ = {isa = PBXFileReference; lastKnownFileType = sourcecode.swift; path = HomeViewController.swift; sourceTree = "<group>"; };
		C39811DE244E371B00F2C137 /* trainverse.app */ = {isa = PBXFileReference; explicitFileType = wrapper.application; includeInIndex = 0; path = trainverse.app; sourceTree = BUILT_PRODUCTS_DIR; };
		C39811E1244E371B00F2C137 /* AppDelegate.swift */ = {isa = PBXFileReference; lastKnownFileType = sourcecode.swift; path = AppDelegate.swift; sourceTree = "<group>"; };
		C39811E3244E371B00F2C137 /* SceneDelegate.swift */ = {isa = PBXFileReference; lastKnownFileType = sourcecode.swift; path = SceneDelegate.swift; sourceTree = "<group>"; };
		C39811E5244E371C00F2C137 /* ViewController.swift */ = {isa = PBXFileReference; lastKnownFileType = sourcecode.swift; path = ViewController.swift; sourceTree = "<group>"; };
		C39811E8244E371C00F2C137 /* Base */ = {isa = PBXFileReference; lastKnownFileType = file.storyboard; name = Base; path = Base.lproj/Main.storyboard; sourceTree = "<group>"; };
		C39811EB244E371C00F2C137 /* trainverse.xcdatamodel */ = {isa = PBXFileReference; lastKnownFileType = wrapper.xcdatamodel; path = trainverse.xcdatamodel; sourceTree = "<group>"; };
		C39811ED244E372000F2C137 /* Assets.xcassets */ = {isa = PBXFileReference; lastKnownFileType = folder.assetcatalog; path = Assets.xcassets; sourceTree = "<group>"; };
		C39811F0244E372000F2C137 /* Base */ = {isa = PBXFileReference; lastKnownFileType = file.storyboard; name = Base; path = Base.lproj/LaunchScreen.storyboard; sourceTree = "<group>"; };
		C39811F2244E372100F2C137 /* Info.plist */ = {isa = PBXFileReference; lastKnownFileType = text.plist.xml; path = Info.plist; sourceTree = "<group>"; };
		C39811F7244E372100F2C137 /* trainverseTests.xctest */ = {isa = PBXFileReference; explicitFileType = wrapper.cfbundle; includeInIndex = 0; path = trainverseTests.xctest; sourceTree = BUILT_PRODUCTS_DIR; };
		C39811FB244E372100F2C137 /* trainverseTests.swift */ = {isa = PBXFileReference; lastKnownFileType = sourcecode.swift; path = trainverseTests.swift; sourceTree = "<group>"; };
		C39811FD244E372100F2C137 /* Info.plist */ = {isa = PBXFileReference; lastKnownFileType = text.plist.xml; path = Info.plist; sourceTree = "<group>"; };
		C3981202244E372100F2C137 /* trainverseUITests.xctest */ = {isa = PBXFileReference; explicitFileType = wrapper.cfbundle; includeInIndex = 0; path = trainverseUITests.xctest; sourceTree = BUILT_PRODUCTS_DIR; };
		C3981206244E372200F2C137 /* trainverseUITests.swift */ = {isa = PBXFileReference; lastKnownFileType = sourcecode.swift; path = trainverseUITests.swift; sourceTree = "<group>"; };
		C3981208244E372200F2C137 /* Info.plist */ = {isa = PBXFileReference; lastKnownFileType = text.plist.xml; path = Info.plist; sourceTree = "<group>"; };
		C3CA9362246CE98A00EC03F0 /* FeaturedTableViewController.swift */ = {isa = PBXFileReference; lastKnownFileType = sourcecode.swift; path = FeaturedTableViewController.swift; sourceTree = "<group>"; };
		C3CA9364246CECC800EC03F0 /* RoutineTableViewController.swift */ = {isa = PBXFileReference; lastKnownFileType = sourcecode.swift; path = RoutineTableViewController.swift; sourceTree = "<group>"; };
		C3CA9366246CF81400EC03F0 /* ProfileViewController.swift */ = {isa = PBXFileReference; lastKnownFileType = sourcecode.swift; path = ProfileViewController.swift; sourceTree = "<group>"; };
		C3CA9368246D052000EC03F0 /* MapViewController.swift */ = {isa = PBXFileReference; lastKnownFileType = sourcecode.swift; path = MapViewController.swift; sourceTree = "<group>"; };
		C3D715AB246B876C00DC58E7 /* DiscoverTableViewController.swift */ = {isa = PBXFileReference; lastKnownFileType = sourcecode.swift; path = DiscoverTableViewController.swift; sourceTree = "<group>"; };
/* End PBXFileReference section */

/* Begin PBXFrameworksBuildPhase section */
		C39811DB244E371B00F2C137 /* Frameworks */ = {
			isa = PBXFrameworksBuildPhase;
			buildActionMask = 2147483647;
			files = (
			);
			runOnlyForDeploymentPostprocessing = 0;
		};
		C39811F4244E372100F2C137 /* Frameworks */ = {
			isa = PBXFrameworksBuildPhase;
			buildActionMask = 2147483647;
			files = (
			);
			runOnlyForDeploymentPostprocessing = 0;
		};
		C39811FF244E372100F2C137 /* Frameworks */ = {
			isa = PBXFrameworksBuildPhase;
			buildActionMask = 2147483647;
			files = (
			);
			runOnlyForDeploymentPostprocessing = 0;
		};
/* End PBXFrameworksBuildPhase section */

/* Begin PBXGroup section */
		C39811D5244E371B00F2C137 = {
			isa = PBXGroup;
			children = (
				C39811E0244E371B00F2C137 /* trainverse */,
				C39811FA244E372100F2C137 /* trainverseTests */,
				C3981205244E372100F2C137 /* trainverseUITests */,
				C39811DF244E371B00F2C137 /* Products */,
			);
			sourceTree = "<group>";
		};
		C39811DF244E371B00F2C137 /* Products */ = {
			isa = PBXGroup;
			children = (
				C39811DE244E371B00F2C137 /* trainverse.app */,
				C39811F7244E372100F2C137 /* trainverseTests.xctest */,
				C3981202244E372100F2C137 /* trainverseUITests.xctest */,
			);
			name = Products;
			sourceTree = "<group>";
		};
		C39811E0244E371B00F2C137 /* trainverse */ = {
			isa = PBXGroup;
			children = (
				C39811E1244E371B00F2C137 /* AppDelegate.swift */,
				C39811E3244E371B00F2C137 /* SceneDelegate.swift */,
				C39811E5244E371C00F2C137 /* ViewController.swift */,
				C39811E7244E371C00F2C137 /* Main.storyboard */,
				C39811ED244E372000F2C137 /* Assets.xcassets */,
				C39811EF244E372000F2C137 /* LaunchScreen.storyboard */,
				C39811F2244E372100F2C137 /* Info.plist */,
				C39811EA244E371C00F2C137 /* trainverse.xcdatamodeld */,
				C35B1EB9246A4A66001183C0 /* DiscoverViewController.swift */,
				C3D715AB246B876C00DC58E7 /* DiscoverTableViewController.swift */,
				C37E309A246CD44400D3EF1F /* HomeViewController.swift */,
				C3CA9362246CE98A00EC03F0 /* FeaturedTableViewController.swift */,
				C3CA9364246CECC800EC03F0 /* RoutineTableViewController.swift */,
				C3CA9366246CF81400EC03F0 /* ProfileViewController.swift */,
				C3CA9368246D052000EC03F0 /* MapViewController.swift */,
			);
			path = trainverse;
			sourceTree = "<group>";
		};
		C39811FA244E372100F2C137 /* trainverseTests */ = {
			isa = PBXGroup;
			children = (
				C39811FB244E372100F2C137 /* trainverseTests.swift */,
				C39811FD244E372100F2C137 /* Info.plist */,
			);
			path = trainverseTests;
			sourceTree = "<group>";
		};
		C3981205244E372100F2C137 /* trainverseUITests */ = {
			isa = PBXGroup;
			children = (
				C3981206244E372200F2C137 /* trainverseUITests.swift */,
				C3981208244E372200F2C137 /* Info.plist */,
			);
			path = trainverseUITests;
			sourceTree = "<group>";
		};
/* End PBXGroup section */

/* Begin PBXNativeTarget section */
		C39811DD244E371B00F2C137 /* trainverse */ = {
			isa = PBXNativeTarget;
			buildConfigurationList = C398120B244E372200F2C137 /* Build configuration list for PBXNativeTarget "trainverse" */;
			buildPhases = (
				C39811DA244E371B00F2C137 /* Sources */,
				C39811DB244E371B00F2C137 /* Frameworks */,
				C39811DC244E371B00F2C137 /* Resources */,
			);
			buildRules = (
			);
			dependencies = (
			);
			name = trainverse;
			productName = trainverse;
			productReference = C39811DE244E371B00F2C137 /* trainverse.app */;
			productType = "com.apple.product-type.application";
		};
		C39811F6244E372100F2C137 /* trainverseTests */ = {
			isa = PBXNativeTarget;
			buildConfigurationList = C398120E244E372200F2C137 /* Build configuration list for PBXNativeTarget "trainverseTests" */;
			buildPhases = (
				C39811F3244E372100F2C137 /* Sources */,
				C39811F4244E372100F2C137 /* Frameworks */,
				C39811F5244E372100F2C137 /* Resources */,
			);
			buildRules = (
			);
			dependencies = (
				C39811F9244E372100F2C137 /* PBXTargetDependency */,
			);
			name = trainverseTests;
			productName = trainverseTests;
			productReference = C39811F7244E372100F2C137 /* trainverseTests.xctest */;
			productType = "com.apple.product-type.bundle.unit-test";
		};
		C3981201244E372100F2C137 /* trainverseUITests */ = {
			isa = PBXNativeTarget;
			buildConfigurationList = C3981211244E372200F2C137 /* Build configuration list for PBXNativeTarget "trainverseUITests" */;
			buildPhases = (
				C39811FE244E372100F2C137 /* Sources */,
				C39811FF244E372100F2C137 /* Frameworks */,
				C3981200244E372100F2C137 /* Resources */,
			);
			buildRules = (
			);
			dependencies = (
				C3981204244E372100F2C137 /* PBXTargetDependency */,
			);
			name = trainverseUITests;
			productName = trainverseUITests;
			productReference = C3981202244E372100F2C137 /* trainverseUITests.xctest */;
			productType = "com.apple.product-type.bundle.ui-testing";
		};
/* End PBXNativeTarget section */

/* Begin PBXProject section */
		C39811D6244E371B00F2C137 /* Project object */ = {
			isa = PBXProject;
			attributes = {
				LastSwiftUpdateCheck = 1140;
				LastUpgradeCheck = 1140;
				ORGANIZATIONNAME = itesm;
				TargetAttributes = {
					C39811DD244E371B00F2C137 = {
						CreatedOnToolsVersion = 11.4;
					};
					C39811F6244E372100F2C137 = {
						CreatedOnToolsVersion = 11.4;
						TestTargetID = C39811DD244E371B00F2C137;
					};
					C3981201244E372100F2C137 = {
						CreatedOnToolsVersion = 11.4;
						TestTargetID = C39811DD244E371B00F2C137;
					};
				};
			};
			buildConfigurationList = C39811D9244E371B00F2C137 /* Build configuration list for PBXProject "trainverse" */;
			compatibilityVersion = "Xcode 9.3";
			developmentRegion = en;
			hasScannedForEncodings = 0;
			knownRegions = (
				en,
				Base,
			);
			mainGroup = C39811D5244E371B00F2C137;
			productRefGroup = C39811DF244E371B00F2C137 /* Products */;
			projectDirPath = "";
			projectRoot = "";
			targets = (
				C39811DD244E371B00F2C137 /* trainverse */,
				C39811F6244E372100F2C137 /* trainverseTests */,
				C3981201244E372100F2C137 /* trainverseUITests */,
			);
		};
/* End PBXProject section */

/* Begin PBXResourcesBuildPhase section */
		C39811DC244E371B00F2C137 /* Resources */ = {
			isa = PBXResourcesBuildPhase;
			buildActionMask = 2147483647;
			files = (
				C39811F1244E372000F2C137 /* LaunchScreen.storyboard in Resources */,
				C39811EE244E372000F2C137 /* Assets.xcassets in Resources */,
				C39811E9244E371C00F2C137 /* Main.storyboard in Resources */,
			);
			runOnlyForDeploymentPostprocessing = 0;
		};
		C39811F5244E372100F2C137 /* Resources */ = {
			isa = PBXResourcesBuildPhase;
			buildActionMask = 2147483647;
			files = (
			);
			runOnlyForDeploymentPostprocessing = 0;
		};
		C3981200244E372100F2C137 /* Resources */ = {
			isa = PBXResourcesBuildPhase;
			buildActionMask = 2147483647;
			files = (
			);
			runOnlyForDeploymentPostprocessing = 0;
		};
/* End PBXResourcesBuildPhase section */

/* Begin PBXSourcesBuildPhase section */
		C39811DA244E371B00F2C137 /* Sources */ = {
			isa = PBXSourcesBuildPhase;
			buildActionMask = 2147483647;
			files = (
				C3CA9369246D052000EC03F0 /* MapViewController.swift in Sources */,
				C39811E6244E371C00F2C137 /* ViewController.swift in Sources */,
				C39811E2244E371B00F2C137 /* AppDelegate.swift in Sources */,
				C3CA9367246CF81400EC03F0 /* ProfileViewController.swift in Sources */,
				C39811EC244E371C00F2C137 /* trainverse.xcdatamodeld in Sources */,
				C3CA9365246CECC800EC03F0 /* RoutineTableViewController.swift in Sources */,
				C3CA9363246CE98A00EC03F0 /* FeaturedTableViewController.swift in Sources */,
				C39811E4244E371B00F2C137 /* SceneDelegate.swift in Sources */,
				C3D715AC246B876C00DC58E7 /* DiscoverTableViewController.swift in Sources */,
				C37E309B246CD44400D3EF1F /* HomeViewController.swift in Sources */,
				C35B1EBA246A4A66001183C0 /* DiscoverViewController.swift in Sources */,
			);
			runOnlyForDeploymentPostprocessing = 0;
		};
		C39811F3244E372100F2C137 /* Sources */ = {
			isa = PBXSourcesBuildPhase;
			buildActionMask = 2147483647;
			files = (
				C39811FC244E372100F2C137 /* trainverseTests.swift in Sources */,
			);
			runOnlyForDeploymentPostprocessing = 0;
		};
		C39811FE244E372100F2C137 /* Sources */ = {
			isa = PBXSourcesBuildPhase;
			buildActionMask = 2147483647;
			files = (
				C3981207244E372200F2C137 /* trainverseUITests.swift in Sources */,
			);
			runOnlyForDeploymentPostprocessing = 0;
		};
/* End PBXSourcesBuildPhase section */

/* Begin PBXTargetDependency section */
		C39811F9244E372100F2C137 /* PBXTargetDependency */ = {
			isa = PBXTargetDependency;
			target = C39811DD244E371B00F2C137 /* trainverse */;
			targetProxy = C39811F8244E372100F2C137 /* PBXContainerItemProxy */;
		};
		C3981204244E372100F2C137 /* PBXTargetDependency */ = {
			isa = PBXTargetDependency;
			target = C39811DD244E371B00F2C137 /* trainverse */;
			targetProxy = C3981203244E372100F2C137 /* PBXContainerItemProxy */;
		};
/* End PBXTargetDependency section */

/* Begin PBXVariantGroup section */
		C39811E7244E371C00F2C137 /* Main.storyboard */ = {
			isa = PBXVariantGroup;
			children = (
				C39811E8244E371C00F2C137 /* Base */,
			);
			name = Main.storyboard;
			sourceTree = "<group>";
		};
		C39811EF244E372000F2C137 /* LaunchScreen.storyboard */ = {
			isa = PBXVariantGroup;
			children = (
				C39811F0244E372000F2C137 /* Base */,
			);
			name = LaunchScreen.storyboard;
			sourceTree = "<group>";
		};
/* End PBXVariantGroup section */

/* Begin XCBuildConfiguration section */
		C3981209244E372200F2C137 /* Debug */ = {
			isa = XCBuildConfiguration;
			buildSettings = {
				ALWAYS_SEARCH_USER_PATHS = NO;
				CLANG_ANALYZER_NONNULL = YES;
				CLANG_ANALYZER_NUMBER_OBJECT_CONVERSION = YES_AGGRESSIVE;
				CLANG_CXX_LANGUAGE_STANDARD = "gnu++14";
				CLANG_CXX_LIBRARY = "libc++";
				CLANG_ENABLE_MODULES = YES;
				CLANG_ENABLE_OBJC_ARC = YES;
				CLANG_ENABLE_OBJC_WEAK = YES;
				CLANG_WARN_BLOCK_CAPTURE_AUTORELEASING = YES;
				CLANG_WARN_BOOL_CONVERSION = YES;
				CLANG_WARN_COMMA = YES;
				CLANG_WARN_CONSTANT_CONVERSION = YES;
				CLANG_WARN_DEPRECATED_OBJC_IMPLEMENTATIONS = YES;
				CLANG_WARN_DIRECT_OBJC_ISA_USAGE = YES_ERROR;
				CLANG_WARN_DOCUMENTATION_COMMENTS = YES;
				CLANG_WARN_EMPTY_BODY = YES;
				CLANG_WARN_ENUM_CONVERSION = YES;
				CLANG_WARN_INFINITE_RECURSION = YES;
				CLANG_WARN_INT_CONVERSION = YES;
				CLANG_WARN_NON_LITERAL_NULL_CONVERSION = YES;
				CLANG_WARN_OBJC_IMPLICIT_RETAIN_SELF = YES;
				CLANG_WARN_OBJC_LITERAL_CONVERSION = YES;
				CLANG_WARN_OBJC_ROOT_CLASS = YES_ERROR;
				CLANG_WARN_RANGE_LOOP_ANALYSIS = YES;
				CLANG_WARN_STRICT_PROTOTYPES = YES;
				CLANG_WARN_SUSPICIOUS_MOVE = YES;
				CLANG_WARN_UNGUARDED_AVAILABILITY = YES_AGGRESSIVE;
				CLANG_WARN_UNREACHABLE_CODE = YES;
				CLANG_WARN__DUPLICATE_METHOD_MATCH = YES;
				COPY_PHASE_STRIP = NO;
				DEBUG_INFORMATION_FORMAT = dwarf;
				ENABLE_STRICT_OBJC_MSGSEND = YES;
				ENABLE_TESTABILITY = YES;
				GCC_C_LANGUAGE_STANDARD = gnu11;
				GCC_DYNAMIC_NO_PIC = NO;
				GCC_NO_COMMON_BLOCKS = YES;
				GCC_OPTIMIZATION_LEVEL = 0;
				GCC_PREPROCESSOR_DEFINITIONS = (
					"DEBUG=1",
					"$(inherited)",
				);
				GCC_WARN_64_TO_32_BIT_CONVERSION = YES;
				GCC_WARN_ABOUT_RETURN_TYPE = YES_ERROR;
				GCC_WARN_UNDECLARED_SELECTOR = YES;
				GCC_WARN_UNINITIALIZED_AUTOS = YES_AGGRESSIVE;
				GCC_WARN_UNUSED_FUNCTION = YES;
				GCC_WARN_UNUSED_VARIABLE = YES;
				IPHONEOS_DEPLOYMENT_TARGET = 13.4;
				MTL_ENABLE_DEBUG_INFO = INCLUDE_SOURCE;
				MTL_FAST_MATH = YES;
				ONLY_ACTIVE_ARCH = YES;
				SDKROOT = iphoneos;
				SWIFT_ACTIVE_COMPILATION_CONDITIONS = DEBUG;
				SWIFT_OPTIMIZATION_LEVEL = "-Onone";
			};
			name = Debug;
		};
		C398120A244E372200F2C137 /* Release */ = {
			isa = XCBuildConfiguration;
			buildSettings = {
				ALWAYS_SEARCH_USER_PATHS = NO;
				CLANG_ANALYZER_NONNULL = YES;
				CLANG_ANALYZER_NUMBER_OBJECT_CONVERSION = YES_AGGRESSIVE;
				CLANG_CXX_LANGUAGE_STANDARD = "gnu++14";
				CLANG_CXX_LIBRARY = "libc++";
				CLANG_ENABLE_MODULES = YES;
				CLANG_ENABLE_OBJC_ARC = YES;
				CLANG_ENABLE_OBJC_WEAK = YES;
				CLANG_WARN_BLOCK_CAPTURE_AUTORELEASING = YES;
				CLANG_WARN_BOOL_CONVERSION = YES;
				CLANG_WARN_COMMA = YES;
				CLANG_WARN_CONSTANT_CONVERSION = YES;
				CLANG_WARN_DEPRECATED_OBJC_IMPLEMENTATIONS = YES;
				CLANG_WARN_DIRECT_OBJC_ISA_USAGE = YES_ERROR;
				CLANG_WARN_DOCUMENTATION_COMMENTS = YES;
				CLANG_WARN_EMPTY_BODY = YES;
				CLANG_WARN_ENUM_CONVERSION = YES;
				CLANG_WARN_INFINITE_RECURSION = YES;
				CLANG_WARN_INT_CONVERSION = YES;
				CLANG_WARN_NON_LITERAL_NULL_CONVERSION = YES;
				CLANG_WARN_OBJC_IMPLICIT_RETAIN_SELF = YES;
				CLANG_WARN_OBJC_LITERAL_CONVERSION = YES;
				CLANG_WARN_OBJC_ROOT_CLASS = YES_ERROR;
				CLANG_WARN_RANGE_LOOP_ANALYSIS = YES;
				CLANG_WARN_STRICT_PROTOTYPES = YES;
				CLANG_WARN_SUSPICIOUS_MOVE = YES;
				CLANG_WARN_UNGUARDED_AVAILABILITY = YES_AGGRESSIVE;
				CLANG_WARN_UNREACHABLE_CODE = YES;
				CLANG_WARN__DUPLICATE_METHOD_MATCH = YES;
				COPY_PHASE_STRIP = NO;
				DEBUG_INFORMATION_FORMAT = "dwarf-with-dsym";
				ENABLE_NS_ASSERTIONS = NO;
				ENABLE_STRICT_OBJC_MSGSEND = YES;
				GCC_C_LANGUAGE_STANDARD = gnu11;
				GCC_NO_COMMON_BLOCKS = YES;
				GCC_WARN_64_TO_32_BIT_CONVERSION = YES;
				GCC_WARN_ABOUT_RETURN_TYPE = YES_ERROR;
				GCC_WARN_UNDECLARED_SELECTOR = YES;
				GCC_WARN_UNINITIALIZED_AUTOS = YES_AGGRESSIVE;
				GCC_WARN_UNUSED_FUNCTION = YES;
				GCC_WARN_UNUSED_VARIABLE = YES;
				IPHONEOS_DEPLOYMENT_TARGET = 13.4;
				MTL_ENABLE_DEBUG_INFO = NO;
				MTL_FAST_MATH = YES;
				SDKROOT = iphoneos;
				SWIFT_COMPILATION_MODE = wholemodule;
				SWIFT_OPTIMIZATION_LEVEL = "-O";
				VALIDATE_PRODUCT = YES;
			};
			name = Release;
		};
		C398120C244E372200F2C137 /* Debug */ = {
			isa = XCBuildConfiguration;
			buildSettings = {
				ASSETCATALOG_COMPILER_APPICON_NAME = AppIcon;
				CODE_SIGN_STYLE = Automatic;
				DEVELOPMENT_TEAM = 3P267A9ZMS;
				INFOPLIST_FILE = trainverse/Info.plist;
				LD_RUNPATH_SEARCH_PATHS = (
					"$(inherited)",
					"@executable_path/Frameworks",
				);
				PRODUCT_BUNDLE_IDENTIFIER = com.a01337242.itesm.trainverse;
				PRODUCT_NAME = "$(TARGET_NAME)";
				SWIFT_VERSION = 5.0;
				TARGETED_DEVICE_FAMILY = "1,2";
			};
			name = Debug;
		};
		C398120D244E372200F2C137 /* Release */ = {
			isa = XCBuildConfiguration;
			buildSettings = {
				ASSETCATALOG_COMPILER_APPICON_NAME = AppIcon;
				CODE_SIGN_STYLE = Automatic;
				DEVELOPMENT_TEAM = 3P267A9ZMS;
				INFOPLIST_FILE = trainverse/Info.plist;
				LD_RUNPATH_SEARCH_PATHS = (
					"$(inherited)",
					"@executable_path/Frameworks",
				);
				PRODUCT_BUNDLE_IDENTIFIER = com.a01337242.itesm.trainverse;
				PRODUCT_NAME = "$(TARGET_NAME)";
				SWIFT_VERSION = 5.0;
				TARGETED_DEVICE_FAMILY = "1,2";
			};
			name = Release;
		};
		C398120F244E372200F2C137 /* Debug */ = {
			isa = XCBuildConfiguration;
			buildSettings = {
				ALWAYS_EMBED_SWIFT_STANDARD_LIBRARIES = YES;
				BUNDLE_LOADER = "$(TEST_HOST)";
				CODE_SIGN_STYLE = Automatic;
				DEVELOPMENT_TEAM = 3P267A9ZMS;
				INFOPLIST_FILE = trainverseTests/Info.plist;
				IPHONEOS_DEPLOYMENT_TARGET = 13.4;
				LD_RUNPATH_SEARCH_PATHS = (
					"$(inherited)",
					"@executable_path/Frameworks",
					"@loader_path/Frameworks",
				);
				PRODUCT_BUNDLE_IDENTIFIER = com.a01337242.itesm.trainverseTests;
				PRODUCT_NAME = "$(TARGET_NAME)";
				SWIFT_VERSION = 5.0;
				TARGETED_DEVICE_FAMILY = "1,2";
				TEST_HOST = "$(BUILT_PRODUCTS_DIR)/trainverse.app/trainverse";
			};
			name = Debug;
		};
		C3981210244E372200F2C137 /* Release */ = {
			isa = XCBuildConfiguration;
			buildSettings = {
				ALWAYS_EMBED_SWIFT_STANDARD_LIBRARIES = YES;
				BUNDLE_LOADER = "$(TEST_HOST)";
				CODE_SIGN_STYLE = Automatic;
				DEVELOPMENT_TEAM = 3P267A9ZMS;
				INFOPLIST_FILE = trainverseTests/Info.plist;
				IPHONEOS_DEPLOYMENT_TARGET = 13.4;
				LD_RUNPATH_SEARCH_PATHS = (
					"$(inherited)",
					"@executable_path/Frameworks",
					"@loader_path/Frameworks",
				);
				PRODUCT_BUNDLE_IDENTIFIER = com.a01337242.itesm.trainverseTests;
				PRODUCT_NAME = "$(TARGET_NAME)";
				SWIFT_VERSION = 5.0;
				TARGETED_DEVICE_FAMILY = "1,2";
				TEST_HOST = "$(BUILT_PRODUCTS_DIR)/trainverse.app/trainverse";
			};
			name = Release;
		};
		C3981212244E372200F2C137 /* Debug */ = {
			isa = XCBuildConfiguration;
			buildSettings = {
				ALWAYS_EMBED_SWIFT_STANDARD_LIBRARIES = YES;
				CODE_SIGN_STYLE = Automatic;
				DEVELOPMENT_TEAM = 3P267A9ZMS;
				INFOPLIST_FILE = trainverseUITests/Info.plist;
				LD_RUNPATH_SEARCH_PATHS = (
					"$(inherited)",
					"@executable_path/Frameworks",
					"@loader_path/Frameworks",
				);
				PRODUCT_BUNDLE_IDENTIFIER = com.a01337242.itesm.trainverseUITests;
				PRODUCT_NAME = "$(TARGET_NAME)";
				SWIFT_VERSION = 5.0;
				TARGETED_DEVICE_FAMILY = "1,2";
				TEST_TARGET_NAME = trainverse;
			};
			name = Debug;
		};
		C3981213244E372200F2C137 /* Release */ = {
			isa = XCBuildConfiguration;
			buildSettings = {
				ALWAYS_EMBED_SWIFT_STANDARD_LIBRARIES = YES;
				CODE_SIGN_STYLE = Automatic;
				DEVELOPMENT_TEAM = 3P267A9ZMS;
				INFOPLIST_FILE = trainverseUITests/Info.plist;
				LD_RUNPATH_SEARCH_PATHS = (
					"$(inherited)",
					"@executable_path/Frameworks",
					"@loader_path/Frameworks",
				);
				PRODUCT_BUNDLE_IDENTIFIER = com.a01337242.itesm.trainverseUITests;
				PRODUCT_NAME = "$(TARGET_NAME)";
				SWIFT_VERSION = 5.0;
				TARGETED_DEVICE_FAMILY = "1,2";
				TEST_TARGET_NAME = trainverse;
			};
			name = Release;
		};
/* End XCBuildConfiguration section */

/* Begin XCConfigurationList section */
		C39811D9244E371B00F2C137 /* Build configuration list for PBXProject "trainverse" */ = {
			isa = XCConfigurationList;
			buildConfigurations = (
				C3981209244E372200F2C137 /* Debug */,
				C398120A244E372200F2C137 /* Release */,
			);
			defaultConfigurationIsVisible = 0;
			defaultConfigurationName = Release;
		};
		C398120B244E372200F2C137 /* Build configuration list for PBXNativeTarget "trainverse" */ = {
			isa = XCConfigurationList;
			buildConfigurations = (
				C398120C244E372200F2C137 /* Debug */,
				C398120D244E372200F2C137 /* Release */,
			);
			defaultConfigurationIsVisible = 0;
			defaultConfigurationName = Release;
		};
		C398120E244E372200F2C137 /* Build configuration list for PBXNativeTarget "trainverseTests" */ = {
			isa = XCConfigurationList;
			buildConfigurations = (
				C398120F244E372200F2C137 /* Debug */,
				C3981210244E372200F2C137 /* Release */,
			);
			defaultConfigurationIsVisible = 0;
			defaultConfigurationName = Release;
		};
		C3981211244E372200F2C137 /* Build configuration list for PBXNativeTarget "trainverseUITests" */ = {
			isa = XCConfigurationList;
			buildConfigurations = (
				C3981212244E372200F2C137 /* Debug */,
				C3981213244E372200F2C137 /* Release */,
			);
			defaultConfigurationIsVisible = 0;
			defaultConfigurationName = Release;
		};
/* End XCConfigurationList section */

/* Begin XCVersionGroup section */
		C39811EA244E371C00F2C137 /* trainverse.xcdatamodeld */ = {
			isa = XCVersionGroup;
			children = (
				C39811EB244E371C00F2C137 /* trainverse.xcdatamodel */,
			);
			currentVersion = C39811EB244E371C00F2C137 /* trainverse.xcdatamodel */;
			path = trainverse.xcdatamodeld;
			sourceTree = "<group>";
			versionGroupType = wrapper.xcdatamodel;
		};
/* End XCVersionGroup section */
	};
	rootObject = C39811D6244E371B00F2C137 /* Project object */;
}
